<?xml version="1.0" encoding="UTF-8"?>
<CodeBlocks_project_file>
	<FileVersion major="1" minor="6"/>
	<Project>
		<Option title="SharkShell"/>
		<Option makefile_is_custom="1"/>
		<Option compiler="gcc"/>
		<Option virtualFolders="CMake Files\;"/>
		<Build>
			<Target title="all">
				<Option working_dir="/home/master/repo/SharkShell"/>
				<Option type="4"/>
				<MakeCommands>
					<Build command="/usr/bin/make -j4 -f &quot;/home/master/repo/SharkShell/Makefile&quot;  VERBOSE=1 all"/>
					<CompileFile command="/usr/bin/make -j4 -f &quot;/home/master/repo/SharkShell/Makefile&quot;  VERBOSE=1 &quot;$file&quot;"/>
					<Clean command="/usr/bin/make -j4 -f &quot;/home/master/repo/SharkShell/Makefile&quot;  VERBOSE=1 clean"/>
					<DistClean command="/usr/bin/make -j4 -f &quot;/home/master/repo/SharkShell/Makefile&quot;  VERBOSE=1 clean"/>
				</MakeCommands>
			</Target>
			<Target title="rebuild_cache">
				<Option working_dir="/home/master/repo/SharkShell"/>
				<Option type="4"/>
				<MakeCommands>
					<Build command="/usr/bin/make -j4 -f &quot;/home/master/repo/SharkShell/Makefile&quot;  VERBOSE=1 rebuild_cache"/>
					<CompileFile command="/usr/bin/make -j4 -f &quot;/home/master/repo/SharkShell/Makefile&quot;  VERBOSE=1 &quot;$file&quot;"/>
					<Clean command="/usr/bin/make -j4 -f &quot;/home/master/repo/SharkShell/Makefile&quot;  VERBOSE=1 clean"/>
					<DistClean command="/usr/bin/make -j4 -f &quot;/home/master/repo/SharkShell/Makefile&quot;  VERBOSE=1 clean"/>
				</MakeCommands>
			</Target>
			<Target title="edit_cache">
				<Option working_dir="/home/master/repo/SharkShell"/>
				<Option type="4"/>
				<MakeCommands>
					<Build command="/usr/bin/make -j4 -f &quot;/home/master/repo/SharkShell/Makefile&quot;  VERBOSE=1 edit_cache"/>
					<CompileFile command="/usr/bin/make -j4 -f &quot;/home/master/repo/SharkShell/Makefile&quot;  VERBOSE=1 &quot;$file&quot;"/>
					<Clean command="/usr/bin/make -j4 -f &quot;/home/master/repo/SharkShell/Makefile&quot;  VERBOSE=1 clean"/>
					<DistClean command="/usr/bin/make -j4 -f &quot;/home/master/repo/SharkShell/Makefile&quot;  VERBOSE=1 clean"/>
				</MakeCommands>
			</Target>
			<Target title="SharkShell">
				<Option output="/home/master/repo/SharkShell/SharkShell" prefix_auto="0" extension_auto="0"/>
				<Option working_dir="/home/master/repo/SharkShell"/>
				<Option object_output="./"/>
				<Option type="1"/>
				<Option compiler="gcc"/>
				<Compiler>
					<Add directory="/home/master/repo/SharkShell/includes"/>
					<Add directory="/usr/include/c++/5"/>
					<Add directory="/usr/include/x86_64-linux-gnu/c++/5"/>
					<Add directory="/usr/include/c++/5/backward"/>
					<Add directory="/usr/lib/gcc/x86_64-linux-gnu/5/include"/>
					<Add directory="/usr/local/include"/>
					<Add directory="/usr/lib/gcc/x86_64-linux-gnu/5/include-fixed"/>
					<Add directory="/usr/include/x86_64-linux-gnu"/>
					<Add directory="/usr/include"/>
				</Compiler>
				<MakeCommands>
					<Build command="/usr/bin/make -j4 -f &quot;/home/master/repo/SharkShell/Makefile&quot;  VERBOSE=1 SharkShell"/>
					<CompileFile command="/usr/bin/make -j4 -f &quot;/home/master/repo/SharkShell/Makefile&quot;  VERBOSE=1 &quot;$file&quot;"/>
					<Clean command="/usr/bin/make -j4 -f &quot;/home/master/repo/SharkShell/Makefile&quot;  VERBOSE=1 clean"/>
					<DistClean command="/usr/bin/make -j4 -f &quot;/home/master/repo/SharkShell/Makefile&quot;  VERBOSE=1 clean"/>
				</MakeCommands>
			</Target>
			<Target title="SharkShell/fast">
				<Option output="/home/master/repo/SharkShell/SharkShell" prefix_auto="0" extension_auto="0"/>
				<Option working_dir="/home/master/repo/SharkShell"/>
				<Option object_output="./"/>
				<Option type="1"/>
				<Option compiler="gcc"/>
				<Compiler>
					<Add directory="/home/master/repo/SharkShell/includes"/>
					<Add directory="/usr/include/c++/5"/>
					<Add directory="/usr/include/x86_64-linux-gnu/c++/5"/>
					<Add directory="/usr/include/c++/5/backward"/>
					<Add directory="/usr/lib/gcc/x86_64-linux-gnu/5/include"/>
					<Add directory="/usr/local/include"/>
					<Add directory="/usr/lib/gcc/x86_64-linux-gnu/5/include-fixed"/>
					<Add directory="/usr/include/x86_64-linux-gnu"/>
					<Add directory="/usr/include"/>
				</Compiler>
				<MakeCommands>
					<Build command="/usr/bin/make -j4 -f &quot;/home/master/repo/SharkShell/Makefile&quot;  VERBOSE=1 SharkShell/fast"/>
					<CompileFile command="/usr/bin/make -j4 -f &quot;/home/master/repo/SharkShell/Makefile&quot;  VERBOSE=1 &quot;$file&quot;"/>
					<Clean command="/usr/bin/make -j4 -f &quot;/home/master/repo/SharkShell/Makefile&quot;  VERBOSE=1 clean"/>
					<DistClean command="/usr/bin/make -j4 -f &quot;/home/master/repo/SharkShell/Makefile&quot;  VERBOSE=1 clean"/>
				</MakeCommands>
			</Target>
		</Build>
		<Unit filename="/home/master/repo/SharkShell/srcs/Main.cpp">
			<Option target="SharkShell"/>
		</Unit>
		<Unit filename="/home/master/repo/SharkShell/srcs/SharkAlias.cpp">
			<Option target="SharkShell"/>
		</Unit>
		<Unit filename="/home/master/repo/SharkShell/srcs/SharkBuiltIn.cpp">
			<Option target="SharkShell"/>
		</Unit>
		<Unit filename="/home/master/repo/SharkShell/srcs/SharkBuiltInEnv.cpp">
			<Option target="SharkShell"/>
		</Unit>
		<Unit filename="/home/master/repo/SharkShell/srcs/SharkEnv.cpp">
			<Option target="SharkShell"/>
		</Unit>
		<Unit filename="/home/master/repo/SharkShell/srcs/SharkExec.cpp">
			<Option target="SharkShell"/>
		</Unit>
		<Unit filename="/home/master/repo/SharkShell/srcs/SharkParser.cpp">
			<Option target="SharkShell"/>
		</Unit>
		<Unit filename="/home/master/repo/SharkShell/srcs/SharkRc.cpp">
			<Option target="SharkShell"/>
		</Unit>
		<Unit filename="/home/master/repo/SharkShell/srcs/SharkShell.cpp">
			<Option target="SharkShell"/>
		</Unit>
		<Unit filename="/home/master/repo/SharkShell/CMakeLists.txt">
			<Option virtualFolder="CMake Files\"/>
		</Unit>
	</Project>
</CodeBlocks_project_file>
